// !$*UTF8*$!
{
	archiveVersion = 1;
	classes = {
	};
	objectVersion = 46;
	objects = {

/* Begin PBXBuildFile section */
		15016BE61AF1C0AB0018BBF2 /* SelectCityView.swift in Sources */ = {isa = PBXBuildFile; fileRef = 15016BE51AF1C0AB0018BBF2 /* SelectCityView.swift */; };
		150941A71B05BA0E0022550B /* HamArrow0.png in Resources */ = {isa = PBXBuildFile; fileRef = 1509415A1B05BA0D0022550B /* HamArrow0.png */; };
		150941A81B05BA0E0022550B /* HamArrow1.png in Resources */ = {isa = PBXBuildFile; fileRef = 1509415B1B05BA0D0022550B /* HamArrow1.png */; };
		150941A91B05BA0E0022550B /* HamArrow2.png in Resources */ = {isa = PBXBuildFile; fileRef = 1509415C1B05BA0D0022550B /* HamArrow2.png */; };
		150941AA1B05BA0E0022550B /* HamArrow3.png in Resources */ = {isa = PBXBuildFile; fileRef = 1509415D1B05BA0D0022550B /* HamArrow3.png */; };
		150941AB1B05BA0E0022550B /* HamArrow4.png in Resources */ = {isa = PBXBuildFile; fileRef = 1509415E1B05BA0D0022550B /* HamArrow4.png */; };
		150941AC1B05BA0E0022550B /* HamArrow5.png in Resources */ = {isa = PBXBuildFile; fileRef = 1509415F1B05BA0D0022550B /* HamArrow5.png */; };
		150941AD1B05BA0E0022550B /* HamArrow6.png in Resources */ = {isa = PBXBuildFile; fileRef = 150941601B05BA0D0022550B /* HamArrow6.png */; };
		150941AE1B05BA0E0022550B /* HamArrow7.png in Resources */ = {isa = PBXBuildFile; fileRef = 150941611B05BA0D0022550B /* HamArrow7.png */; };
		150941AF1B05BA0E0022550B /* HamArrow8.png in Resources */ = {isa = PBXBuildFile; fileRef = 150941621B05BA0D0022550B /* HamArrow8.png */; };
		150941B01B05BA0E0022550B /* HamArrow9.png in Resources */ = {isa = PBXBuildFile; fileRef = 150941631B05BA0D0022550B /* HamArrow9.png */; };
		150941B11B05BA0E0022550B /* HamArrow10.png in Resources */ = {isa = PBXBuildFile; fileRef = 150941641B05BA0D0022550B /* HamArrow10.png */; };
		150941B21B05BA0E0022550B /* HamArrow11.png in Resources */ = {isa = PBXBuildFile; fileRef = 150941651B05BA0D0022550B /* HamArrow11.png */; };
		150941B31B05BA0E0022550B /* HamArrow12.png in Resources */ = {isa = PBXBuildFile; fileRef = 150941661B05BA0D0022550B /* HamArrow12.png */; };
		150941B41B05BA0E0022550B /* HamArrow13.png in Resources */ = {isa = PBXBuildFile; fileRef = 150941671B05BA0D0022550B /* HamArrow13.png */; };
		150941B51B05BA0E0022550B /* HamArrow14.png in Resources */ = {isa = PBXBuildFile; fileRef = 150941681B05BA0D0022550B /* HamArrow14.png */; };
		150941B61B05BA0E0022550B /* HamArrow15.png in Resources */ = {isa = PBXBuildFile; fileRef = 150941691B05BA0D0022550B /* HamArrow15.png */; };
		150941B71B05BA0E0022550B /* HamArrow16.png in Resources */ = {isa = PBXBuildFile; fileRef = 1509416A1B05BA0D0022550B /* HamArrow16.png */; };
		150941B81B05BA0E0022550B /* HamArrow17.png in Resources */ = {isa = PBXBuildFile; fileRef = 1509416B1B05BA0D0022550B /* HamArrow17.png */; };
		150941B91B05BA0E0022550B /* HamArrow18.png in Resources */ = {isa = PBXBuildFile; fileRef = 1509416C1B05BA0D0022550B /* HamArrow18.png */; };
		150941BA1B05BA0E0022550B /* HamArrow19.png in Resources */ = {isa = PBXBuildFile; fileRef = 1509416D1B05BA0D0022550B /* HamArrow19.png */; };
		150941BB1B05BA0E0022550B /* HamArrow20.png in Resources */ = {isa = PBXBuildFile; fileRef = 1509416E1B05BA0D0022550B /* HamArrow20.png */; };
		150941BC1B05BA0E0022550B /* HamArrow21.png in Resources */ = {isa = PBXBuildFile; fileRef = 1509416F1B05BA0D0022550B /* HamArrow21.png */; };
		150941BD1B05BA0E0022550B /* HamArrow22.png in Resources */ = {isa = PBXBuildFile; fileRef = 150941701B05BA0D0022550B /* HamArrow22.png */; };
		150941BE1B05BA0E0022550B /* HamArrow23.png in Resources */ = {isa = PBXBuildFile; fileRef = 150941711B05BA0E0022550B /* HamArrow23.png */; };
		150941BF1B05BA0E0022550B /* HamArrow24.png in Resources */ = {isa = PBXBuildFile; fileRef = 150941721B05BA0E0022550B /* HamArrow24.png */; };
		150941C01B05BA0E0022550B /* HamArrow25.png in Resources */ = {isa = PBXBuildFile; fileRef = 150941731B05BA0E0022550B /* HamArrow25.png */; };
		150941C11B05BA0E0022550B /* HamArrow26.png in Resources */ = {isa = PBXBuildFile; fileRef = 150941741B05BA0E0022550B /* HamArrow26.png */; };
		150941C21B05BA0E0022550B /* HamArrow27.png in Resources */ = {isa = PBXBuildFile; fileRef = 150941751B05BA0E0022550B /* HamArrow27.png */; };
		150941C31B05BA0E0022550B /* HamArrow28.png in Resources */ = {isa = PBXBuildFile; fileRef = 150941761B05BA0E0022550B /* HamArrow28.png */; };
		150941C41B05BA0E0022550B /* HamArrow29.png in Resources */ = {isa = PBXBuildFile; fileRef = 150941771B05BA0E0022550B /* HamArrow29.png */; };
		150941C51B05BA0E0022550B /* HamArrow30.png in Resources */ = {isa = PBXBuildFile; fileRef = 150941781B05BA0E0022550B /* HamArrow30.png */; };
		150941C61B05BA0E0022550B /* HamArrow31.png in Resources */ = {isa = PBXBuildFile; fileRef = 150941791B05BA0E0022550B /* HamArrow31.png */; };
		150941C71B05BA0E0022550B /* HamArrow32.png in Resources */ = {isa = PBXBuildFile; fileRef = 1509417A1B05BA0E0022550B /* HamArrow32.png */; };
		150941C81B05BA0E0022550B /* HamArrow33.png in Resources */ = {isa = PBXBuildFile; fileRef = 1509417B1B05BA0E0022550B /* HamArrow33.png */; };
		150941C91B05BA0E0022550B /* HamArrow34.png in Resources */ = {isa = PBXBuildFile; fileRef = 1509417C1B05BA0E0022550B /* HamArrow34.png */; };
		150941CA1B05BA0E0022550B /* HamArrow35.png in Resources */ = {isa = PBXBuildFile; fileRef = 1509417D1B05BA0E0022550B /* HamArrow35.png */; };
		150941CB1B05BA0E0022550B /* HamArrow36.png in Resources */ = {isa = PBXBuildFile; fileRef = 1509417E1B05BA0E0022550B /* HamArrow36.png */; };
		150941CC1B05BA0E0022550B /* HamArrow37.png in Resources */ = {isa = PBXBuildFile; fileRef = 1509417F1B05BA0E0022550B /* HamArrow37.png */; };
		150941CD1B05BA0E0022550B /* HamArrow38.png in Resources */ = {isa = PBXBuildFile; fileRef = 150941801B05BA0E0022550B /* HamArrow38.png */; };
		150941CE1B05BA0E0022550B /* HamArrow39.png in Resources */ = {isa = PBXBuildFile; fileRef = 150941811B05BA0E0022550B /* HamArrow39.png */; };
		150941CF1B05BA0E0022550B /* HamArrow40.png in Resources */ = {isa = PBXBuildFile; fileRef = 150941821B05BA0E0022550B /* HamArrow40.png */; };
		150941D01B05BA0E0022550B /* HamArrow41.png in Resources */ = {isa = PBXBuildFile; fileRef = 150941831B05BA0E0022550B /* HamArrow41.png */; };
		150941D11B05BA0E0022550B /* HamArrow42.png in Resources */ = {isa = PBXBuildFile; fileRef = 150941841B05BA0E0022550B /* HamArrow42.png */; };
		150941D21B05BA0E0022550B /* HamArrow43.png in Resources */ = {isa = PBXBuildFile; fileRef = 150941851B05BA0E0022550B /* HamArrow43.png */; };
		150941D31B05BA0E0022550B /* HamArrow44.png in Resources */ = {isa = PBXBuildFile; fileRef = 150941861B05BA0E0022550B /* HamArrow44.png */; };
		150941D41B05BA0E0022550B /* HamArrow45.png in Resources */ = {isa = PBXBuildFile; fileRef = 150941871B05BA0E0022550B /* HamArrow45.png */; };
		150941D51B05BA0E0022550B /* HamArrow46.png in Resources */ = {isa = PBXBuildFile; fileRef = 150941881B05BA0E0022550B /* HamArrow46.png */; };
		150941D61B05BA0E0022550B /* HamArrow47.png in Resources */ = {isa = PBXBuildFile; fileRef = 150941891B05BA0E0022550B /* HamArrow47.png */; };
		150941D71B05BA0E0022550B /* HamArrow48.png in Resources */ = {isa = PBXBuildFile; fileRef = 1509418A1B05BA0E0022550B /* HamArrow48.png */; };
		150941D81B05BA0E0022550B /* HamArrow49.png in Resources */ = {isa = PBXBuildFile; fileRef = 1509418B1B05BA0E0022550B /* HamArrow49.png */; };
		150941D91B05BA0E0022550B /* HamArrow50.png in Resources */ = {isa = PBXBuildFile; fileRef = 1509418C1B05BA0E0022550B /* HamArrow50.png */; };
		150941DA1B05BA0E0022550B /* HamArrow51.png in Resources */ = {isa = PBXBuildFile; fileRef = 1509418D1B05BA0E0022550B /* HamArrow51.png */; };
		150941DB1B05BA0E0022550B /* HamArrow52.png in Resources */ = {isa = PBXBuildFile; fileRef = 1509418E1B05BA0E0022550B /* HamArrow52.png */; };
		150941DC1B05BA0E0022550B /* HamArrow53.png in Resources */ = {isa = PBXBuildFile; fileRef = 1509418F1B05BA0E0022550B /* HamArrow53.png */; };
		150941DD1B05BA0E0022550B /* HamArrow54.png in Resources */ = {isa = PBXBuildFile; fileRef = 150941901B05BA0E0022550B /* HamArrow54.png */; };
		150941DE1B05BA0E0022550B /* HamArrow55.png in Resources */ = {isa = PBXBuildFile; fileRef = 150941911B05BA0E0022550B /* HamArrow55.png */; };
		150941DF1B05BA0E0022550B /* HamArrow56.png in Resources */ = {isa = PBXBuildFile; fileRef = 150941921B05BA0E0022550B /* HamArrow56.png */; };
		150941E01B05BA0E0022550B /* HamArrow57.png in Resources */ = {isa = PBXBuildFile; fileRef = 150941931B05BA0E0022550B /* HamArrow57.png */; };
		150941E11B05BA0E0022550B /* HamArrow58.png in Resources */ = {isa = PBXBuildFile; fileRef = 150941941B05BA0E0022550B /* HamArrow58.png */; };
		150941E21B05BA0E0022550B /* HamArrow59.png in Resources */ = {isa = PBXBuildFile; fileRef = 150941951B05BA0E0022550B /* HamArrow59.png */; };
		150941E31B05BA0E0022550B /* HamArrow60.png in Resources */ = {isa = PBXBuildFile; fileRef = 150941961B05BA0E0022550B /* HamArrow60.png */; };
		150941E41B05BA0E0022550B /* HamArrow61.png in Resources */ = {isa = PBXBuildFile; fileRef = 150941971B05BA0E0022550B /* HamArrow61.png */; };
		150941E51B05BA0E0022550B /* HamArrow62.png in Resources */ = {isa = PBXBuildFile; fileRef = 150941981B05BA0E0022550B /* HamArrow62.png */; };
		150941E61B05BA0E0022550B /* HamArrow63.png in Resources */ = {isa = PBXBuildFile; fileRef = 150941991B05BA0E0022550B /* HamArrow63.png */; };
		150941E71B05BA0E0022550B /* HamArrow64.png in Resources */ = {isa = PBXBuildFile; fileRef = 1509419A1B05BA0E0022550B /* HamArrow64.png */; };
		150941E81B05BA0E0022550B /* HamArrow65.png in Resources */ = {isa = PBXBuildFile; fileRef = 1509419B1B05BA0E0022550B /* HamArrow65.png */; };
		150941E91B05BA0E0022550B /* HamArrow66.png in Resources */ = {isa = PBXBuildFile; fileRef = 1509419C1B05BA0E0022550B /* HamArrow66.png */; };
		150941EA1B05BA0E0022550B /* HamArrow67.png in Resources */ = {isa = PBXBuildFile; fileRef = 1509419D1B05BA0E0022550B /* HamArrow67.png */; };
		150941EB1B05BA0E0022550B /* HamArrow68.png in Resources */ = {isa = PBXBuildFile; fileRef = 1509419E1B05BA0E0022550B /* HamArrow68.png */; };
		150941EC1B05BA0E0022550B /* HamArrow69.png in Resources */ = {isa = PBXBuildFile; fileRef = 1509419F1B05BA0E0022550B /* HamArrow69.png */; };
		150941ED1B05BA0E0022550B /* HamArrow70.png in Resources */ = {isa = PBXBuildFile; fileRef = 150941A01B05BA0E0022550B /* HamArrow70.png */; };
		150941EE1B05BA0E0022550B /* HamArrow71.png in Resources */ = {isa = PBXBuildFile; fileRef = 150941A11B05BA0E0022550B /* HamArrow71.png */; };
		150941EF1B05BA0E0022550B /* HamArrow72.png in Resources */ = {isa = PBXBuildFile; fileRef = 150941A21B05BA0E0022550B /* HamArrow72.png */; };
		150941F01B05BA0E0022550B /* HamArrow73.png in Resources */ = {isa = PBXBuildFile; fileRef = 150941A31B05BA0E0022550B /* HamArrow73.png */; };
		150941F11B05BA0E0022550B /* HamArrow74.png in Resources */ = {isa = PBXBuildFile; fileRef = 150941A41B05BA0E0022550B /* HamArrow74.png */; };
		150941F21B05BA0E0022550B /* HamArrow75.png in Resources */ = {isa = PBXBuildFile; fileRef = 150941A51B05BA0E0022550B /* HamArrow75.png */; };
		150941F31B05BA0E0022550B /* HamArrow76.png in Resources */ = {isa = PBXBuildFile; fileRef = 150941A61B05BA0E0022550B /* HamArrow76.png */; };
		15384C861B055DEC0045DECA /* Menu_Button@2x.png in Resources */ = {isa = PBXBuildFile; fileRef = 15384C851B055DEC0045DECA /* Menu_Button@2x.png */; };
		15384C8C1B057DB30045DECA /* CircleMenuButton@2x.png in Resources */ = {isa = PBXBuildFile; fileRef = 15384C8B1B057DB30045DECA /* CircleMenuButton@2x.png */; };
		153D95031AED99C300BAEE22 /* Filter_Menu_Triangle.png in Resources */ = {isa = PBXBuildFile; fileRef = 153D95021AED99C300BAEE22 /* Filter_Menu_Triangle.png */; };
		1560B4621AE388D700CE448B /* OtherButton@3x.png in Resources */ = {isa = PBXBuildFile; fileRef = 1560B4601AE388D700CE448B /* OtherButton@3x.png */; };
		1587E1B41AEE1DD400E6B79F /* Contact_Icon.png in Resources */ = {isa = PBXBuildFile; fileRef = 1587E1B01AEE1DD400E6B79F /* Contact_Icon.png */; };
		1587E1B51AEE1DD400E6B79F /* Event_Feed_Icon.png in Resources */ = {isa = PBXBuildFile; fileRef = 1587E1B11AEE1DD400E6B79F /* Event_Feed_Icon.png */; };
		1587E1B61AEE1DD400E6B79F /* Social_Media_Icon.png in Resources */ = {isa = PBXBuildFile; fileRef = 1587E1B21AEE1DD400E6B79F /* Social_Media_Icon.png */; };
		1587E1B71AEE1DD400E6B79F /* Tours_Cities_Icons.png in Resources */ = {isa = PBXBuildFile; fileRef = 1587E1B31AEE1DD400E6B79F /* Tours_Cities_Icons.png */; };
		1587E1B91AEEA5F800E6B79F /* MenuViewController.swift in Sources */ = {isa = PBXBuildFile; fileRef = 1587E1B81AEEA5F800E6B79F /* MenuViewController.swift */; };
		1587E1BB1AEEA7E900E6B79F /* TransitionManager.swift in Sources */ = {isa = PBXBuildFile; fileRef = 1587E1BA1AEEA7E900E6B79F /* TransitionManager.swift */; };
		1587E1C11AEF43CE00E6B79F /* CustomSlideSegue.swift in Sources */ = {isa = PBXBuildFile; fileRef = 1587E1C01AEF43CE00E6B79F /* CustomSlideSegue.swift */; };
		1587E1C31AF089BD00E6B79F /* FilterMenuView.swift in Sources */ = {isa = PBXBuildFile; fileRef = 1587E1C21AF089BD00E6B79F /* FilterMenuView.swift */; };
		15BC7E171B03037D00E241DC /* FilterDropdownButton.png in Resources */ = {isa = PBXBuildFile; fileRef = 15BC7E151B03037D00E241DC /* FilterDropdownButton.png */; };
		15BC7E181B03037D00E241DC /* FilterOptionButton.png in Resources */ = {isa = PBXBuildFile; fileRef = 15BC7E161B03037D00E241DC /* FilterOptionButton.png */; };
		15E84A871AEB6481004D3E29 /* CityButton@3x.png in Resources */ = {isa = PBXBuildFile; fileRef = 15E84A861AEB6481004D3E29 /* CityButton@3x.png */; };
		15E84A8D1AEC459D004D3E29 /* Drop_Down_Menu.png in Resources */ = {isa = PBXBuildFile; fileRef = 15E84A8C1AEC459D004D3E29 /* Drop_Down_Menu.png */; };
		15E84A8F1AEC49BF004D3E29 /* CompOrderViewController.swift in Sources */ = {isa = PBXBuildFile; fileRef = 15E84A8E1AEC49BF004D3E29 /* CompOrderViewController.swift */; };
		15E84A921AEC4FBB004D3E29 /* Favorite_Disabled.png in Resources */ = {isa = PBXBuildFile; fileRef = 15E84A901AEC4FBB004D3E29 /* Favorite_Disabled.png */; };
		15E84A931AEC4FBB004D3E29 /* Favorite_Enabled.png in Resources */ = {isa = PBXBuildFile; fileRef = 15E84A911AEC4FBB004D3E29 /* Favorite_Enabled.png */; };
		15E84A951AEC517C004D3E29 /* EventCell.swift in Sources */ = {isa = PBXBuildFile; fileRef = 15E84A941AEC517C004D3E29 /* EventCell.swift */; };
		15E84A971AEC5314004D3E29 /* CompEventItem.swift in Sources */ = {isa = PBXBuildFile; fileRef = 15E84A961AEC5314004D3E29 /* CompEventItem.swift */; };
		BC1ED3F01AFFE45D00FA8B34 /* Filter_Menu_Triangle_Right.png in Resources */ = {isa = PBXBuildFile; fileRef = BC1ED3EF1AFFE45D00FA8B34 /* Filter_Menu_Triangle_Right.png */; };
		BC1ED3F21AFFE46800FA8B34 /* Filter_Menu_Triangle_Left.png in Resources */ = {isa = PBXBuildFile; fileRef = BC1ED3F11AFFE46800FA8B34 /* Filter_Menu_Triangle_Left.png */; };
		BC1ED3F61B02719600FA8B34 /* SpecialtyAwardItem.swift in Sources */ = {isa = PBXBuildFile; fileRef = BC1ED3F51B02719600FA8B34 /* SpecialtyAwardItem.swift */; };
		BC1ED3FC1B027B9000FA8B34 /* CityData.swift in Sources */ = {isa = PBXBuildFile; fileRef = BC1ED3FB1B027B9000FA8B34 /* CityData.swift */; };
		BC2142341AF60432002BEF83 /* DataFetcher.swift in Sources */ = {isa = PBXBuildFile; fileRef = BC2142331AF60432002BEF83 /* DataFetcher.swift */; };
		BCDF76E61AF6DE88009B17AB /* ToursAndCitiesViewController.swift in Sources */ = {isa = PBXBuildFile; fileRef = BCDF76E51AF6DE88009B17AB /* ToursAndCitiesViewController.swift */; };
		BCDF76E81AF6DF9A009B17AB /* Other_Button_Disabled@3x.png in Resources */ = {isa = PBXBuildFile; fileRef = BCDF76E71AF6DF9A009B17AB /* Other_Button_Disabled@3x.png */; };
		D988EBD21ADCD235003A4D7F /* AppDelegate.swift in Sources */ = {isa = PBXBuildFile; fileRef = D988EBD11ADCD235003A4D7F /* AppDelegate.swift */; };
		D988EBD71ADCD235003A4D7F /* Main.storyboard in Resources */ = {isa = PBXBuildFile; fileRef = D988EBD51ADCD235003A4D7F /* Main.storyboard */; };
		D988EBD91ADCD235003A4D7F /* Images.xcassets in Resources */ = {isa = PBXBuildFile; fileRef = D988EBD81ADCD235003A4D7F /* Images.xcassets */; };
		D988EBE81ADCD235003A4D7F /* LADMTests.swift in Sources */ = {isa = PBXBuildFile; fileRef = D988EBE71ADCD235003A4D7F /* LADMTests.swift */; };
/* End PBXBuildFile section */

/* Begin PBXContainerItemProxy section */
		D988EBE21ADCD235003A4D7F /* PBXContainerItemProxy */ = {
			isa = PBXContainerItemProxy;
			containerPortal = D988EBC41ADCD234003A4D7F /* Project object */;
			proxyType = 1;
			remoteGlobalIDString = D988EBCB1ADCD234003A4D7F;
			remoteInfo = LADM;
		};
/* End PBXContainerItemProxy section */

/* Begin PBXFileReference section */
		15016BE51AF1C0AB0018BBF2 /* SelectCityView.swift */ = {isa = PBXFileReference; fileEncoding = 4; lastKnownFileType = sourcecode.swift; path = SelectCityView.swift; sourceTree = "<group>"; };
		1509415A1B05BA0D0022550B /* HamArrow0.png */ = {isa = PBXFileReference; lastKnownFileType = image.png; path = HamArrow0.png; sourceTree = "<group>"; };
		1509415B1B05BA0D0022550B /* HamArrow1.png */ = {isa = PBXFileReference; lastKnownFileType = image.png; path = HamArrow1.png; sourceTree = "<group>"; };
		1509415C1B05BA0D0022550B /* HamArrow2.png */ = {isa = PBXFileReference; lastKnownFileType = image.png; path = HamArrow2.png; sourceTree = "<group>"; };
		1509415D1B05BA0D0022550B /* HamArrow3.png */ = {isa = PBXFileReference; lastKnownFileType = image.png; path = HamArrow3.png; sourceTree = "<group>"; };
		1509415E1B05BA0D0022550B /* HamArrow4.png */ = {isa = PBXFileReference; lastKnownFileType = image.png; path = HamArrow4.png; sourceTree = "<group>"; };
		1509415F1B05BA0D0022550B /* HamArrow5.png */ = {isa = PBXFileReference; lastKnownFileType = image.png; path = HamArrow5.png; sourceTree = "<group>"; };
		150941601B05BA0D0022550B /* HamArrow6.png */ = {isa = PBXFileReference; lastKnownFileType = image.png; path = HamArrow6.png; sourceTree = "<group>"; };
		150941611B05BA0D0022550B /* HamArrow7.png */ = {isa = PBXFileReference; lastKnownFileType = image.png; path = HamArrow7.png; sourceTree = "<group>"; };
		150941621B05BA0D0022550B /* HamArrow8.png */ = {isa = PBXFileReference; lastKnownFileType = image.png; path = HamArrow8.png; sourceTree = "<group>"; };
		150941631B05BA0D0022550B /* HamArrow9.png */ = {isa = PBXFileReference; lastKnownFileType = image.png; path = HamArrow9.png; sourceTree = "<group>"; };
		150941641B05BA0D0022550B /* HamArrow10.png */ = {isa = PBXFileReference; lastKnownFileType = image.png; path = HamArrow10.png; sourceTree = "<group>"; };
		150941651B05BA0D0022550B /* HamArrow11.png */ = {isa = PBXFileReference; lastKnownFileType = image.png; path = HamArrow11.png; sourceTree = "<group>"; };
		150941661B05BA0D0022550B /* HamArrow12.png */ = {isa = PBXFileReference; lastKnownFileType = image.png; path = HamArrow12.png; sourceTree = "<group>"; };
		150941671B05BA0D0022550B /* HamArrow13.png */ = {isa = PBXFileReference; lastKnownFileType = image.png; path = HamArrow13.png; sourceTree = "<group>"; };
		150941681B05BA0D0022550B /* HamArrow14.png */ = {isa = PBXFileReference; lastKnownFileType = image.png; path = HamArrow14.png; sourceTree = "<group>"; };
		150941691B05BA0D0022550B /* HamArrow15.png */ = {isa = PBXFileReference; lastKnownFileType = image.png; path = HamArrow15.png; sourceTree = "<group>"; };
		1509416A1B05BA0D0022550B /* HamArrow16.png */ = {isa = PBXFileReference; lastKnownFileType = image.png; path = HamArrow16.png; sourceTree = "<group>"; };
		1509416B1B05BA0D0022550B /* HamArrow17.png */ = {isa = PBXFileReference; lastKnownFileType = image.png; path = HamArrow17.png; sourceTree = "<group>"; };
		1509416C1B05BA0D0022550B /* HamArrow18.png */ = {isa = PBXFileReference; lastKnownFileType = image.png; path = HamArrow18.png; sourceTree = "<group>"; };
		1509416D1B05BA0D0022550B /* HamArrow19.png */ = {isa = PBXFileReference; lastKnownFileType = image.png; path = HamArrow19.png; sourceTree = "<group>"; };
		1509416E1B05BA0D0022550B /* HamArrow20.png */ = {isa = PBXFileReference; lastKnownFileType = image.png; path = HamArrow20.png; sourceTree = "<group>"; };
		1509416F1B05BA0D0022550B /* HamArrow21.png */ = {isa = PBXFileReference; lastKnownFileType = image.png; path = HamArrow21.png; sourceTree = "<group>"; };
		150941701B05BA0D0022550B /* HamArrow22.png */ = {isa = PBXFileReference; lastKnownFileType = image.png; path = HamArrow22.png; sourceTree = "<group>"; };
		150941711B05BA0E0022550B /* HamArrow23.png */ = {isa = PBXFileReference; lastKnownFileType = image.png; path = HamArrow23.png; sourceTree = "<group>"; };
		150941721B05BA0E0022550B /* HamArrow24.png */ = {isa = PBXFileReference; lastKnownFileType = image.png; path = HamArrow24.png; sourceTree = "<group>"; };
		150941731B05BA0E0022550B /* HamArrow25.png */ = {isa = PBXFileReference; lastKnownFileType = image.png; path = HamArrow25.png; sourceTree = "<group>"; };
		150941741B05BA0E0022550B /* HamArrow26.png */ = {isa = PBXFileReference; lastKnownFileType = image.png; path = HamArrow26.png; sourceTree = "<group>"; };
		150941751B05BA0E0022550B /* HamArrow27.png */ = {isa = PBXFileReference; lastKnownFileType = image.png; path = HamArrow27.png; sourceTree = "<group>"; };
		150941761B05BA0E0022550B /* HamArrow28.png */ = {isa = PBXFileReference; lastKnownFileType = image.png; path = HamArrow28.png; sourceTree = "<group>"; };
		150941771B05BA0E0022550B /* HamArrow29.png */ = {isa = PBXFileReference; lastKnownFileType = image.png; path = HamArrow29.png; sourceTree = "<group>"; };
		150941781B05BA0E0022550B /* HamArrow30.png */ = {isa = PBXFileReference; lastKnownFileType = image.png; path = HamArrow30.png; sourceTree = "<group>"; };
		150941791B05BA0E0022550B /* HamArrow31.png */ = {isa = PBXFileReference; lastKnownFileType = image.png; path = HamArrow31.png; sourceTree = "<group>"; };
		1509417A1B05BA0E0022550B /* HamArrow32.png */ = {isa = PBXFileReference; lastKnownFileType = image.png; path = HamArrow32.png; sourceTree = "<group>"; };
		1509417B1B05BA0E0022550B /* HamArrow33.png */ = {isa = PBXFileReference; lastKnownFileType = image.png; path = HamArrow33.png; sourceTree = "<group>"; };
		1509417C1B05BA0E0022550B /* HamArrow34.png */ = {isa = PBXFileReference; lastKnownFileType = image.png; path = HamArrow34.png; sourceTree = "<group>"; };
		1509417D1B05BA0E0022550B /* HamArrow35.png */ = {isa = PBXFileReference; lastKnownFileType = image.png; path = HamArrow35.png; sourceTree = "<group>"; };
		1509417E1B05BA0E0022550B /* HamArrow36.png */ = {isa = PBXFileReference; lastKnownFileType = image.png; path = HamArrow36.png; sourceTree = "<group>"; };
		1509417F1B05BA0E0022550B /* HamArrow37.png */ = {isa = PBXFileReference; lastKnownFileType = image.png; path = HamArrow37.png; sourceTree = "<group>"; };
		150941801B05BA0E0022550B /* HamArrow38.png */ = {isa = PBXFileReference; lastKnownFileType = image.png; path = HamArrow38.png; sourceTree = "<group>"; };
		150941811B05BA0E0022550B /* HamArrow39.png */ = {isa = PBXFileReference; lastKnownFileType = image.png; path = HamArrow39.png; sourceTree = "<group>"; };
		150941821B05BA0E0022550B /* HamArrow40.png */ = {isa = PBXFileReference; lastKnownFileType = image.png; path = HamArrow40.png; sourceTree = "<group>"; };
		150941831B05BA0E0022550B /* HamArrow41.png */ = {isa = PBXFileReference; lastKnownFileType = image.png; path = HamArrow41.png; sourceTree = "<group>"; };
		150941841B05BA0E0022550B /* HamArrow42.png */ = {isa = PBXFileReference; lastKnownFileType = image.png; path = HamArrow42.png; sourceTree = "<group>"; };
		150941851B05BA0E0022550B /* HamArrow43.png */ = {isa = PBXFileReference; lastKnownFileType = image.png; path = HamArrow43.png; sourceTree = "<group>"; };
		150941861B05BA0E0022550B /* HamArrow44.png */ = {isa = PBXFileReference; lastKnownFileType = image.png; path = HamArrow44.png; sourceTree = "<group>"; };
		150941871B05BA0E0022550B /* HamArrow45.png */ = {isa = PBXFileReference; lastKnownFileType = image.png; path = HamArrow45.png; sourceTree = "<group>"; };
		150941881B05BA0E0022550B /* HamArrow46.png */ = {isa = PBXFileReference; lastKnownFileType = image.png; path = HamArrow46.png; sourceTree = "<group>"; };
		150941891B05BA0E0022550B /* HamArrow47.png */ = {isa = PBXFileReference; lastKnownFileType = image.png; path = HamArrow47.png; sourceTree = "<group>"; };
		1509418A1B05BA0E0022550B /* HamArrow48.png */ = {isa = PBXFileReference; lastKnownFileType = image.png; path = HamArrow48.png; sourceTree = "<group>"; };
		1509418B1B05BA0E0022550B /* HamArrow49.png */ = {isa = PBXFileReference; lastKnownFileType = image.png; path = HamArrow49.png; sourceTree = "<group>"; };
		1509418C1B05BA0E0022550B /* HamArrow50.png */ = {isa = PBXFileReference; lastKnownFileType = image.png; path = HamArrow50.png; sourceTree = "<group>"; };
		1509418D1B05BA0E0022550B /* HamArrow51.png */ = {isa = PBXFileReference; lastKnownFileType = image.png; path = HamArrow51.png; sourceTree = "<group>"; };
		1509418E1B05BA0E0022550B /* HamArrow52.png */ = {isa = PBXFileReference; lastKnownFileType = image.png; path = HamArrow52.png; sourceTree = "<group>"; };
		1509418F1B05BA0E0022550B /* HamArrow53.png */ = {isa = PBXFileReference; lastKnownFileType = image.png; path = HamArrow53.png; sourceTree = "<group>"; };
		150941901B05BA0E0022550B /* HamArrow54.png */ = {isa = PBXFileReference; lastKnownFileType = image.png; path = HamArrow54.png; sourceTree = "<group>"; };
		150941911B05BA0E0022550B /* HamArrow55.png */ = {isa = PBXFileReference; lastKnownFileType = image.png; path = HamArrow55.png; sourceTree = "<group>"; };
		150941921B05BA0E0022550B /* HamArrow56.png */ = {isa = PBXFileReference; lastKnownFileType = image.png; path = HamArrow56.png; sourceTree = "<group>"; };
		150941931B05BA0E0022550B /* HamArrow57.png */ = {isa = PBXFileReference; lastKnownFileType = image.png; path = HamArrow57.png; sourceTree = "<group>"; };
		150941941B05BA0E0022550B /* HamArrow58.png */ = {isa = PBXFileReference; lastKnownFileType = image.png; path = HamArrow58.png; sourceTree = "<group>"; };
		150941951B05BA0E0022550B /* HamArrow59.png */ = {isa = PBXFileReference; lastKnownFileType = image.png; path = HamArrow59.png; sourceTree = "<group>"; };
		150941961B05BA0E0022550B /* HamArrow60.png */ = {isa = PBXFileReference; lastKnownFileType = image.png; path = HamArrow60.png; sourceTree = "<group>"; };
		150941971B05BA0E0022550B /* HamArrow61.png */ = {isa = PBXFileReference; lastKnownFileType = image.png; path = HamArrow61.png; sourceTree = "<group>"; };
		150941981B05BA0E0022550B /* HamArrow62.png */ = {isa = PBXFileReference; lastKnownFileType = image.png; path = HamArrow62.png; sourceTree = "<group>"; };
		150941991B05BA0E0022550B /* HamArrow63.png */ = {isa = PBXFileReference; lastKnownFileType = image.png; path = HamArrow63.png; sourceTree = "<group>"; };
		1509419A1B05BA0E0022550B /* HamArrow64.png */ = {isa = PBXFileReference; lastKnownFileType = image.png; path = HamArrow64.png; sourceTree = "<group>"; };
		1509419B1B05BA0E0022550B /* HamArrow65.png */ = {isa = PBXFileReference; lastKnownFileType = image.png; path = HamArrow65.png; sourceTree = "<group>"; };
		1509419C1B05BA0E0022550B /* HamArrow66.png */ = {isa = PBXFileReference; lastKnownFileType = image.png; path = HamArrow66.png; sourceTree = "<group>"; };
		1509419D1B05BA0E0022550B /* HamArrow67.png */ = {isa = PBXFileReference; lastKnownFileType = image.png; path = HamArrow67.png; sourceTree = "<group>"; };
		1509419E1B05BA0E0022550B /* HamArrow68.png */ = {isa = PBXFileReference; lastKnownFileType = image.png; path = HamArrow68.png; sourceTree = "<group>"; };
		1509419F1B05BA0E0022550B /* HamArrow69.png */ = {isa = PBXFileReference; lastKnownFileType = image.png; path = HamArrow69.png; sourceTree = "<group>"; };
		150941A01B05BA0E0022550B /* HamArrow70.png */ = {isa = PBXFileReference; lastKnownFileType = image.png; path = HamArrow70.png; sourceTree = "<group>"; };
		150941A11B05BA0E0022550B /* HamArrow71.png */ = {isa = PBXFileReference; lastKnownFileType = image.png; path = HamArrow71.png; sourceTree = "<group>"; };
		150941A21B05BA0E0022550B /* HamArrow72.png */ = {isa = PBXFileReference; lastKnownFileType = image.png; path = HamArrow72.png; sourceTree = "<group>"; };
		150941A31B05BA0E0022550B /* HamArrow73.png */ = {isa = PBXFileReference; lastKnownFileType = image.png; path = HamArrow73.png; sourceTree = "<group>"; };
		150941A41B05BA0E0022550B /* HamArrow74.png */ = {isa = PBXFileReference; lastKnownFileType = image.png; path = HamArrow74.png; sourceTree = "<group>"; };
		150941A51B05BA0E0022550B /* HamArrow75.png */ = {isa = PBXFileReference; lastKnownFileType = image.png; path = HamArrow75.png; sourceTree = "<group>"; };
		150941A61B05BA0E0022550B /* HamArrow76.png */ = {isa = PBXFileReference; lastKnownFileType = image.png; path = HamArrow76.png; sourceTree = "<group>"; };
		15384C851B055DEC0045DECA /* Menu_Button@2x.png */ = {isa = PBXFileReference; lastKnownFileType = image.png; path = "Menu_Button@2x.png"; sourceTree = "<group>"; };
		15384C8B1B057DB30045DECA /* CircleMenuButton@2x.png */ = {isa = PBXFileReference; lastKnownFileType = image.png; path = "CircleMenuButton@2x.png"; sourceTree = "<group>"; };
		153D95021AED99C300BAEE22 /* Filter_Menu_Triangle.png */ = {isa = PBXFileReference; lastKnownFileType = image.png; path = Filter_Menu_Triangle.png; sourceTree = "<group>"; };
		1560B4601AE388D700CE448B /* OtherButton@3x.png */ = {isa = PBXFileReference; lastKnownFileType = image.png; path = "OtherButton@3x.png"; sourceTree = "<group>"; };
		1587E1B01AEE1DD400E6B79F /* Contact_Icon.png */ = {isa = PBXFileReference; lastKnownFileType = image.png; path = Contact_Icon.png; sourceTree = "<group>"; };
		1587E1B11AEE1DD400E6B79F /* Event_Feed_Icon.png */ = {isa = PBXFileReference; lastKnownFileType = image.png; path = Event_Feed_Icon.png; sourceTree = "<group>"; };
		1587E1B21AEE1DD400E6B79F /* Social_Media_Icon.png */ = {isa = PBXFileReference; lastKnownFileType = image.png; path = Social_Media_Icon.png; sourceTree = "<group>"; };
		1587E1B31AEE1DD400E6B79F /* Tours_Cities_Icons.png */ = {isa = PBXFileReference; lastKnownFileType = image.png; path = Tours_Cities_Icons.png; sourceTree = "<group>"; };
		1587E1B81AEEA5F800E6B79F /* MenuViewController.swift */ = {isa = PBXFileReference; fileEncoding = 4; lastKnownFileType = sourcecode.swift; path = MenuViewController.swift; sourceTree = "<group>"; };
		1587E1BA1AEEA7E900E6B79F /* TransitionManager.swift */ = {isa = PBXFileReference; fileEncoding = 4; lastKnownFileType = sourcecode.swift; path = TransitionManager.swift; sourceTree = "<group>"; };
		1587E1C01AEF43CE00E6B79F /* CustomSlideSegue.swift */ = {isa = PBXFileReference; fileEncoding = 4; lastKnownFileType = sourcecode.swift; path = CustomSlideSegue.swift; sourceTree = "<group>"; };
		1587E1C21AF089BD00E6B79F /* FilterMenuView.swift */ = {isa = PBXFileReference; fileEncoding = 4; lastKnownFileType = sourcecode.swift; path = FilterMenuView.swift; sourceTree = "<group>"; };
		15BC7E151B03037D00E241DC /* FilterDropdownButton.png */ = {isa = PBXFileReference; lastKnownFileType = image.png; path = FilterDropdownButton.png; sourceTree = "<group>"; };
		15BC7E161B03037D00E241DC /* FilterOptionButton.png */ = {isa = PBXFileReference; lastKnownFileType = image.png; path = FilterOptionButton.png; sourceTree = "<group>"; };
		15E84A861AEB6481004D3E29 /* CityButton@3x.png */ = {isa = PBXFileReference; lastKnownFileType = image.png; path = "CityButton@3x.png"; sourceTree = "<group>"; };
		15E84A8C1AEC459D004D3E29 /* Drop_Down_Menu.png */ = {isa = PBXFileReference; lastKnownFileType = image.png; path = Drop_Down_Menu.png; sourceTree = "<group>"; };
		15E84A8E1AEC49BF004D3E29 /* CompOrderViewController.swift */ = {isa = PBXFileReference; fileEncoding = 4; lastKnownFileType = sourcecode.swift; path = CompOrderViewController.swift; sourceTree = "<group>"; };
		15E84A901AEC4FBB004D3E29 /* Favorite_Disabled.png */ = {isa = PBXFileReference; lastKnownFileType = image.png; path = Favorite_Disabled.png; sourceTree = "<group>"; };
		15E84A911AEC4FBB004D3E29 /* Favorite_Enabled.png */ = {isa = PBXFileReference; lastKnownFileType = image.png; path = Favorite_Enabled.png; sourceTree = "<group>"; };
		15E84A941AEC517C004D3E29 /* EventCell.swift */ = {isa = PBXFileReference; fileEncoding = 4; lastKnownFileType = sourcecode.swift; path = EventCell.swift; sourceTree = "<group>"; };
		15E84A961AEC5314004D3E29 /* CompEventItem.swift */ = {isa = PBXFileReference; fileEncoding = 4; lastKnownFileType = sourcecode.swift; path = CompEventItem.swift; sourceTree = "<group>"; };
		BC1ED3EF1AFFE45D00FA8B34 /* Filter_Menu_Triangle_Right.png */ = {isa = PBXFileReference; lastKnownFileType = image.png; path = Filter_Menu_Triangle_Right.png; sourceTree = "<group>"; };
		BC1ED3F11AFFE46800FA8B34 /* Filter_Menu_Triangle_Left.png */ = {isa = PBXFileReference; lastKnownFileType = image.png; path = Filter_Menu_Triangle_Left.png; sourceTree = "<group>"; };
		BC1ED3F51B02719600FA8B34 /* SpecialtyAwardItem.swift */ = {isa = PBXFileReference; fileEncoding = 4; lastKnownFileType = sourcecode.swift; name = SpecialtyAwardItem.swift; path = ../SpecialtyAwardItem.swift; sourceTree = "<group>"; };
		BC1ED3FB1B027B9000FA8B34 /* CityData.swift */ = {isa = PBXFileReference; fileEncoding = 4; lastKnownFileType = sourcecode.swift; path = CityData.swift; sourceTree = "<group>"; };
		BC2142331AF60432002BEF83 /* DataFetcher.swift */ = {isa = PBXFileReference; fileEncoding = 4; lastKnownFileType = sourcecode.swift; path = DataFetcher.swift; sourceTree = "<group>"; };
		BCDF76E51AF6DE88009B17AB /* ToursAndCitiesViewController.swift */ = {isa = PBXFileReference; fileEncoding = 4; lastKnownFileType = sourcecode.swift; path = ToursAndCitiesViewController.swift; sourceTree = "<group>"; };
		BCDF76E71AF6DF9A009B17AB /* Other_Button_Disabled@3x.png */ = {isa = PBXFileReference; lastKnownFileType = image.png; name = "Other_Button_Disabled@3x.png"; path = "Schedule/Other_Button_Disabled@3x.png"; sourceTree = "<group>"; };
		D988EBCC1ADCD235003A4D7F /* LADM.app */ = {isa = PBXFileReference; explicitFileType = wrapper.application; includeInIndex = 0; path = LADM.app; sourceTree = BUILT_PRODUCTS_DIR; };
		D988EBD01ADCD235003A4D7F /* Info.plist */ = {isa = PBXFileReference; lastKnownFileType = text.plist.xml; path = Info.plist; sourceTree = "<group>"; };
		D988EBD11ADCD235003A4D7F /* AppDelegate.swift */ = {isa = PBXFileReference; lastKnownFileType = sourcecode.swift; path = AppDelegate.swift; sourceTree = "<group>"; };
		D988EBD61ADCD235003A4D7F /* Base */ = {isa = PBXFileReference; lastKnownFileType = file.storyboard; name = Base; path = Base.lproj/Main.storyboard; sourceTree = "<group>"; };
		D988EBD81ADCD235003A4D7F /* Images.xcassets */ = {isa = PBXFileReference; lastKnownFileType = folder.assetcatalog; path = Images.xcassets; sourceTree = "<group>"; };
		D988EBE11ADCD235003A4D7F /* LADMTests.xctest */ = {isa = PBXFileReference; explicitFileType = wrapper.cfbundle; includeInIndex = 0; path = LADMTests.xctest; sourceTree = BUILT_PRODUCTS_DIR; };
		D988EBE61ADCD235003A4D7F /* Info.plist */ = {isa = PBXFileReference; lastKnownFileType = text.plist.xml; path = Info.plist; sourceTree = "<group>"; };
		D988EBE71ADCD235003A4D7F /* LADMTests.swift */ = {isa = PBXFileReference; lastKnownFileType = sourcecode.swift; path = LADMTests.swift; sourceTree = "<group>"; };
/* End PBXFileReference section */

/* Begin PBXFrameworksBuildPhase section */
		D988EBC91ADCD234003A4D7F /* Frameworks */ = {
			isa = PBXFrameworksBuildPhase;
			buildActionMask = 2147483647;
			files = (
			);
			runOnlyForDeploymentPostprocessing = 0;
		};
		D988EBDE1ADCD235003A4D7F /* Frameworks */ = {
			isa = PBXFrameworksBuildPhase;
			buildActionMask = 2147483647;
			files = (
			);
			runOnlyForDeploymentPostprocessing = 0;
		};
/* End PBXFrameworksBuildPhase section */

/* Begin PBXGroup section */
		150940BF1B05B3F60022550B /* MenuButtonCatalog */ = {
			isa = PBXGroup;
			children = (
				1509415A1B05BA0D0022550B /* HamArrow0.png */,
				1509415B1B05BA0D0022550B /* HamArrow1.png */,
				1509415C1B05BA0D0022550B /* HamArrow2.png */,
				1509415D1B05BA0D0022550B /* HamArrow3.png */,
				1509415E1B05BA0D0022550B /* HamArrow4.png */,
				1509415F1B05BA0D0022550B /* HamArrow5.png */,
				150941601B05BA0D0022550B /* HamArrow6.png */,
				150941611B05BA0D0022550B /* HamArrow7.png */,
				150941621B05BA0D0022550B /* HamArrow8.png */,
				150941631B05BA0D0022550B /* HamArrow9.png */,
				150941641B05BA0D0022550B /* HamArrow10.png */,
				150941651B05BA0D0022550B /* HamArrow11.png */,
				150941661B05BA0D0022550B /* HamArrow12.png */,
				150941671B05BA0D0022550B /* HamArrow13.png */,
				150941681B05BA0D0022550B /* HamArrow14.png */,
				150941691B05BA0D0022550B /* HamArrow15.png */,
				1509416A1B05BA0D0022550B /* HamArrow16.png */,
				1509416B1B05BA0D0022550B /* HamArrow17.png */,
				1509416C1B05BA0D0022550B /* HamArrow18.png */,
				1509416D1B05BA0D0022550B /* HamArrow19.png */,
				1509416E1B05BA0D0022550B /* HamArrow20.png */,
				1509416F1B05BA0D0022550B /* HamArrow21.png */,
				150941701B05BA0D0022550B /* HamArrow22.png */,
				150941711B05BA0E0022550B /* HamArrow23.png */,
				150941721B05BA0E0022550B /* HamArrow24.png */,
				150941731B05BA0E0022550B /* HamArrow25.png */,
				150941741B05BA0E0022550B /* HamArrow26.png */,
				150941751B05BA0E0022550B /* HamArrow27.png */,
				150941761B05BA0E0022550B /* HamArrow28.png */,
				150941771B05BA0E0022550B /* HamArrow29.png */,
				150941781B05BA0E0022550B /* HamArrow30.png */,
				150941791B05BA0E0022550B /* HamArrow31.png */,
				1509417A1B05BA0E0022550B /* HamArrow32.png */,
				1509417B1B05BA0E0022550B /* HamArrow33.png */,
				1509417C1B05BA0E0022550B /* HamArrow34.png */,
				1509417D1B05BA0E0022550B /* HamArrow35.png */,
				1509417E1B05BA0E0022550B /* HamArrow36.png */,
				1509417F1B05BA0E0022550B /* HamArrow37.png */,
				150941801B05BA0E0022550B /* HamArrow38.png */,
				150941811B05BA0E0022550B /* HamArrow39.png */,
				150941821B05BA0E0022550B /* HamArrow40.png */,
				150941831B05BA0E0022550B /* HamArrow41.png */,
				150941841B05BA0E0022550B /* HamArrow42.png */,
				150941851B05BA0E0022550B /* HamArrow43.png */,
				150941861B05BA0E0022550B /* HamArrow44.png */,
				150941871B05BA0E0022550B /* HamArrow45.png */,
				150941881B05BA0E0022550B /* HamArrow46.png */,
				150941891B05BA0E0022550B /* HamArrow47.png */,
				1509418A1B05BA0E0022550B /* HamArrow48.png */,
				1509418B1B05BA0E0022550B /* HamArrow49.png */,
				1509418C1B05BA0E0022550B /* HamArrow50.png */,
				1509418D1B05BA0E0022550B /* HamArrow51.png */,
				1509418E1B05BA0E0022550B /* HamArrow52.png */,
				1509418F1B05BA0E0022550B /* HamArrow53.png */,
				150941901B05BA0E0022550B /* HamArrow54.png */,
				150941911B05BA0E0022550B /* HamArrow55.png */,
				150941921B05BA0E0022550B /* HamArrow56.png */,
				150941931B05BA0E0022550B /* HamArrow57.png */,
				150941941B05BA0E0022550B /* HamArrow58.png */,
				150941951B05BA0E0022550B /* HamArrow59.png */,
				150941961B05BA0E0022550B /* HamArrow60.png */,
				150941971B05BA0E0022550B /* HamArrow61.png */,
				150941981B05BA0E0022550B /* HamArrow62.png */,
				150941991B05BA0E0022550B /* HamArrow63.png */,
				1509419A1B05BA0E0022550B /* HamArrow64.png */,
				1509419B1B05BA0E0022550B /* HamArrow65.png */,
				1509419C1B05BA0E0022550B /* HamArrow66.png */,
				1509419D1B05BA0E0022550B /* HamArrow67.png */,
				1509419E1B05BA0E0022550B /* HamArrow68.png */,
				1509419F1B05BA0E0022550B /* HamArrow69.png */,
				150941A01B05BA0E0022550B /* HamArrow70.png */,
				150941A11B05BA0E0022550B /* HamArrow71.png */,
				150941A21B05BA0E0022550B /* HamArrow72.png */,
				150941A31B05BA0E0022550B /* HamArrow73.png */,
				150941A41B05BA0E0022550B /* HamArrow74.png */,
				150941A51B05BA0E0022550B /* HamArrow75.png */,
				150941A61B05BA0E0022550B /* HamArrow76.png */,
			);
			path = MenuButtonCatalog;
			sourceTree = "<group>";
		};
		1560B45E1AE388D700CE448B /* Tours and Cities */ = {
			isa = PBXGroup;
			children = (
				15BC7E141B03037D00E241DC /* Filter Menu */,
				15E84A8B1AEC459D004D3E29 /* Schedule */,
				15E84A861AEB6481004D3E29 /* CityButton@3x.png */,
				BCDF76E71AF6DF9A009B17AB /* Other_Button_Disabled@3x.png */,
				1560B4601AE388D700CE448B /* OtherButton@3x.png */,
			);
			path = "Tours and Cities";
			sourceTree = "<group>";
		};
		1587E1AF1AEE1DD400E6B79F /* Menu */ = {
			isa = PBXGroup;
			children = (
				150940BF1B05B3F60022550B /* MenuButtonCatalog */,
				15384C8B1B057DB30045DECA /* CircleMenuButton@2x.png */,
				15384C851B055DEC0045DECA /* Menu_Button@2x.png */,
				1587E1B01AEE1DD400E6B79F /* Contact_Icon.png */,
				1587E1B11AEE1DD400E6B79F /* Event_Feed_Icon.png */,
				1587E1B21AEE1DD400E6B79F /* Social_Media_Icon.png */,
				1587E1B31AEE1DD400E6B79F /* Tours_Cities_Icons.png */,
			);
			path = Menu;
			sourceTree = "<group>";
		};
		15BC7E141B03037D00E241DC /* Filter Menu */ = {
			isa = PBXGroup;
			children = (
				15BC7E151B03037D00E241DC /* FilterDropdownButton.png */,
				15BC7E161B03037D00E241DC /* FilterOptionButton.png */,
			);
			path = "Filter Menu";
			sourceTree = "<group>";
		};
		15E84A8B1AEC459D004D3E29 /* Schedule */ = {
			isa = PBXGroup;
			children = (
				BC1ED3F11AFFE46800FA8B34 /* Filter_Menu_Triangle_Left.png */,
				BC1ED3EF1AFFE45D00FA8B34 /* Filter_Menu_Triangle_Right.png */,
				153D95021AED99C300BAEE22 /* Filter_Menu_Triangle.png */,
				15E84A8C1AEC459D004D3E29 /* Drop_Down_Menu.png */,
				15E84A901AEC4FBB004D3E29 /* Favorite_Disabled.png */,
				15E84A911AEC4FBB004D3E29 /* Favorite_Enabled.png */,
			);
			path = Schedule;
			sourceTree = "<group>";
		};
		BC1ED3F71B0271D400FA8B34 /* Models */ = {
			isa = PBXGroup;
			children = (
				15E84A941AEC517C004D3E29 /* EventCell.swift */,
				15E84A961AEC5314004D3E29 /* CompEventItem.swift */,
				BC1ED3F51B02719600FA8B34 /* SpecialtyAwardItem.swift */,
				BC2142331AF60432002BEF83 /* DataFetcher.swift */,
				BC1ED3FB1B027B9000FA8B34 /* CityData.swift */,
			);
			name = Models;
			sourceTree = "<group>";
		};
		BC1ED3F81B0271FC00FA8B34 /* Views */ = {
			isa = PBXGroup;
			children = (
				15016BE51AF1C0AB0018BBF2 /* SelectCityView.swift */,
				1587E1C21AF089BD00E6B79F /* FilterMenuView.swift */,
			);
			name = Views;
			sourceTree = "<group>";
		};
		BC1ED3F91B02733600FA8B34 /* Controllers */ = {
			isa = PBXGroup;
			children = (
				15E84A8E1AEC49BF004D3E29 /* CompOrderViewController.swift */,
				1587E1B81AEEA5F800E6B79F /* MenuViewController.swift */,
				BCDF76E51AF6DE88009B17AB /* ToursAndCitiesViewController.swift */,
			);
			name = Controllers;
			sourceTree = "<group>";
		};
		BC1ED3FA1B02738300FA8B34 /* Transitions */ = {
			isa = PBXGroup;
			children = (
				1587E1BA1AEEA7E900E6B79F /* TransitionManager.swift */,
				1587E1C01AEF43CE00E6B79F /* CustomSlideSegue.swift */,
			);
			name = Transitions;
			sourceTree = "<group>";
		};
		D988EBC31ADCD234003A4D7F = {
			isa = PBXGroup;
			children = (
				D988EBCE1ADCD235003A4D7F /* LADM */,
				D988EBE41ADCD235003A4D7F /* LADMTests */,
				D988EBCD1ADCD235003A4D7F /* Products */,
			);
			sourceTree = "<group>";
		};
		D988EBCD1ADCD235003A4D7F /* Products */ = {
			isa = PBXGroup;
			children = (
				D988EBCC1ADCD235003A4D7F /* LADM.app */,
				D988EBE11ADCD235003A4D7F /* LADMTests.xctest */,
			);
			name = Products;
			sourceTree = "<group>";
		};
		D988EBCE1ADCD235003A4D7F /* LADM */ = {
			isa = PBXGroup;
			children = (
				D988EBD11ADCD235003A4D7F /* AppDelegate.swift */,
				D988EBD51ADCD235003A4D7F /* Main.storyboard */,
				BC1ED3FA1B02738300FA8B34 /* Transitions */,
				BC1ED3F91B02733600FA8B34 /* Controllers */,
				BC1ED3F81B0271FC00FA8B34 /* Views */,
				BC1ED3F71B0271D400FA8B34 /* Models */,
				D988EBD81ADCD235003A4D7F /* Images.xcassets */,
				1587E1AF1AEE1DD400E6B79F /* Menu */,
				1560B45E1AE388D700CE448B /* Tours and Cities */,
				D988EBCF1ADCD235003A4D7F /* Supporting Files */,
			);
			path = LADM;
			sourceTree = "<group>";
		};
		D988EBCF1ADCD235003A4D7F /* Supporting Files */ = {
			isa = PBXGroup;
			children = (
				D988EBD01ADCD235003A4D7F /* Info.plist */,
			);
			name = "Supporting Files";
			sourceTree = "<group>";
		};
		D988EBE41ADCD235003A4D7F /* LADMTests */ = {
			isa = PBXGroup;
			children = (
				D988EBE71ADCD235003A4D7F /* LADMTests.swift */,
				D988EBE51ADCD235003A4D7F /* Supporting Files */,
			);
			path = LADMTests;
			sourceTree = "<group>";
		};
		D988EBE51ADCD235003A4D7F /* Supporting Files */ = {
			isa = PBXGroup;
			children = (
				D988EBE61ADCD235003A4D7F /* Info.plist */,
			);
			name = "Supporting Files";
			sourceTree = "<group>";
		};
/* End PBXGroup section */

/* Begin PBXNativeTarget section */
		D988EBCB1ADCD234003A4D7F /* LADM */ = {
			isa = PBXNativeTarget;
			buildConfigurationList = D988EBEB1ADCD235003A4D7F /* Build configuration list for PBXNativeTarget "LADM" */;
			buildPhases = (
				D988EBC81ADCD234003A4D7F /* Sources */,
				D988EBC91ADCD234003A4D7F /* Frameworks */,
				D988EBCA1ADCD234003A4D7F /* Resources */,
			);
			buildRules = (
			);
			dependencies = (
			);
			name = LADM;
			productName = LADM;
			productReference = D988EBCC1ADCD235003A4D7F /* LADM.app */;
			productType = "com.apple.product-type.application";
		};
		D988EBE01ADCD235003A4D7F /* LADMTests */ = {
			isa = PBXNativeTarget;
			buildConfigurationList = D988EBEE1ADCD235003A4D7F /* Build configuration list for PBXNativeTarget "LADMTests" */;
			buildPhases = (
				D988EBDD1ADCD235003A4D7F /* Sources */,
				D988EBDE1ADCD235003A4D7F /* Frameworks */,
				D988EBDF1ADCD235003A4D7F /* Resources */,
			);
			buildRules = (
			);
			dependencies = (
				D988EBE31ADCD235003A4D7F /* PBXTargetDependency */,
			);
			name = LADMTests;
			productName = LADMTests;
			productReference = D988EBE11ADCD235003A4D7F /* LADMTests.xctest */;
			productType = "com.apple.product-type.bundle.unit-test";
		};
/* End PBXNativeTarget section */

/* Begin PBXProject section */
		D988EBC41ADCD234003A4D7F /* Project object */ = {
			isa = PBXProject;
			attributes = {
				LastUpgradeCheck = 0620;
				ORGANIZATIONNAME = MoonBase;
				TargetAttributes = {
					D988EBCB1ADCD234003A4D7F = {
						CreatedOnToolsVersion = 6.2;
						DevelopmentTeam = 3HTQ3XN55R;
					};
					D988EBE01ADCD235003A4D7F = {
						CreatedOnToolsVersion = 6.2;
						TestTargetID = D988EBCB1ADCD234003A4D7F;
					};
				};
			};
			buildConfigurationList = D988EBC71ADCD234003A4D7F /* Build configuration list for PBXProject "LADM" */;
			compatibilityVersion = "Xcode 3.2";
			developmentRegion = English;
			hasScannedForEncodings = 0;
			knownRegions = (
				en,
				Base,
			);
			mainGroup = D988EBC31ADCD234003A4D7F;
			productRefGroup = D988EBCD1ADCD235003A4D7F /* Products */;
			projectDirPath = "";
			projectRoot = "";
			targets = (
				D988EBCB1ADCD234003A4D7F /* LADM */,
				D988EBE01ADCD235003A4D7F /* LADMTests */,
			);
		};
/* End PBXProject section */

/* Begin PBXResourcesBuildPhase section */
		D988EBCA1ADCD234003A4D7F /* Resources */ = {
			isa = PBXResourcesBuildPhase;
			buildActionMask = 2147483647;
			files = (
				150941C41B05BA0E0022550B /* HamArrow29.png in Resources */,
				150941BF1B05BA0E0022550B /* HamArrow24.png in Resources */,
				150941C61B05BA0E0022550B /* HamArrow31.png in Resources */,
				150941C21B05BA0E0022550B /* HamArrow27.png in Resources */,
				150941D51B05BA0E0022550B /* HamArrow46.png in Resources */,
				150941D01B05BA0E0022550B /* HamArrow41.png in Resources */,
				150941BD1B05BA0E0022550B /* HamArrow22.png in Resources */,
				1560B4621AE388D700CE448B /* OtherButton@3x.png in Resources */,
				150941EB1B05BA0E0022550B /* HamArrow68.png in Resources */,
				150941F11B05BA0E0022550B /* HamArrow74.png in Resources */,
				150941E31B05BA0E0022550B /* HamArrow60.png in Resources */,
				150941E21B05BA0E0022550B /* HamArrow59.png in Resources */,
				150941B71B05BA0E0022550B /* HamArrow16.png in Resources */,
				150941C71B05BA0E0022550B /* HamArrow32.png in Resources */,
				150941ED1B05BA0E0022550B /* HamArrow70.png in Resources */,
				150941C11B05BA0E0022550B /* HamArrow26.png in Resources */,
				150941D31B05BA0E0022550B /* HamArrow44.png in Resources */,
				150941F01B05BA0E0022550B /* HamArrow73.png in Resources */,
				1587E1B51AEE1DD400E6B79F /* Event_Feed_Icon.png in Resources */,
				150941AF1B05BA0E0022550B /* HamArrow8.png in Resources */,
				150941A81B05BA0E0022550B /* HamArrow1.png in Resources */,
				1587E1B41AEE1DD400E6B79F /* Contact_Icon.png in Resources */,
				150941CA1B05BA0E0022550B /* HamArrow35.png in Resources */,
				150941B81B05BA0E0022550B /* HamArrow17.png in Resources */,
				150941E91B05BA0E0022550B /* HamArrow66.png in Resources */,
				150941BA1B05BA0E0022550B /* HamArrow19.png in Resources */,
				150941C31B05BA0E0022550B /* HamArrow28.png in Resources */,
				150941B31B05BA0E0022550B /* HamArrow12.png in Resources */,
				150941C91B05BA0E0022550B /* HamArrow34.png in Resources */,
				BC1ED3F01AFFE45D00FA8B34 /* Filter_Menu_Triangle_Right.png in Resources */,
				150941B01B05BA0E0022550B /* HamArrow9.png in Resources */,
				150941B61B05BA0E0022550B /* HamArrow15.png in Resources */,
				150941D81B05BA0E0022550B /* HamArrow49.png in Resources */,
				150941CE1B05BA0E0022550B /* HamArrow39.png in Resources */,
				1587E1B61AEE1DD400E6B79F /* Social_Media_Icon.png in Resources */,
				150941AA1B05BA0E0022550B /* HamArrow3.png in Resources */,
				15E84A871AEB6481004D3E29 /* CityButton@3x.png in Resources */,
				150941B21B05BA0E0022550B /* HamArrow11.png in Resources */,
				150941F21B05BA0E0022550B /* HamArrow75.png in Resources */,
				150941C81B05BA0E0022550B /* HamArrow33.png in Resources */,
				150941EA1B05BA0E0022550B /* HamArrow67.png in Resources */,
				150941CB1B05BA0E0022550B /* HamArrow36.png in Resources */,
				150941E11B05BA0E0022550B /* HamArrow58.png in Resources */,
				150941DB1B05BA0E0022550B /* HamArrow52.png in Resources */,
				150941C01B05BA0E0022550B /* HamArrow25.png in Resources */,
				150941C51B05BA0E0022550B /* HamArrow30.png in Resources */,
				150941D41B05BA0E0022550B /* HamArrow45.png in Resources */,
				153D95031AED99C300BAEE22 /* Filter_Menu_Triangle.png in Resources */,
				150941E41B05BA0E0022550B /* HamArrow61.png in Resources */,
				150941E61B05BA0E0022550B /* HamArrow63.png in Resources */,
				15384C8C1B057DB30045DECA /* CircleMenuButton@2x.png in Resources */,
				150941E01B05BA0E0022550B /* HamArrow57.png in Resources */,
				15E84A8D1AEC459D004D3E29 /* Drop_Down_Menu.png in Resources */,
				150941B11B05BA0E0022550B /* HamArrow10.png in Resources */,
				150941B91B05BA0E0022550B /* HamArrow18.png in Resources */,
				150941CD1B05BA0E0022550B /* HamArrow38.png in Resources */,
				150941BE1B05BA0E0022550B /* HamArrow23.png in Resources */,
				15E84A921AEC4FBB004D3E29 /* Favorite_Disabled.png in Resources */,
				15BC7E171B03037D00E241DC /* FilterDropdownButton.png in Resources */,
				150941CC1B05BA0E0022550B /* HamArrow37.png in Resources */,
				150941AC1B05BA0E0022550B /* HamArrow5.png in Resources */,
				150941DA1B05BA0E0022550B /* HamArrow51.png in Resources */,
				150941D71B05BA0E0022550B /* HamArrow48.png in Resources */,
				BC1ED3F21AFFE46800FA8B34 /* Filter_Menu_Triangle_Left.png in Resources */,
				150941D11B05BA0E0022550B /* HamArrow42.png in Resources */,
				150941AB1B05BA0E0022550B /* HamArrow4.png in Resources */,
				D988EBD71ADCD235003A4D7F /* Main.storyboard in Resources */,
				1587E1B71AEE1DD400E6B79F /* Tours_Cities_Icons.png in Resources */,
				150941D91B05BA0E0022550B /* HamArrow50.png in Resources */,
				150941BB1B05BA0E0022550B /* HamArrow20.png in Resources */,
				150941DF1B05BA0E0022550B /* HamArrow56.png in Resources */,
				15384C861B055DEC0045DECA /* Menu_Button@2x.png in Resources */,
				15E84A931AEC4FBB004D3E29 /* Favorite_Enabled.png in Resources */,
				150941EC1B05BA0E0022550B /* HamArrow69.png in Resources */,
				150941AE1B05BA0E0022550B /* HamArrow7.png in Resources */,
				150941EE1B05BA0E0022550B /* HamArrow71.png in Resources */,
				150941AD1B05BA0E0022550B /* HamArrow6.png in Resources */,
				150941BC1B05BA0E0022550B /* HamArrow21.png in Resources */,
				150941D61B05BA0E0022550B /* HamArrow47.png in Resources */,
				150941F31B05BA0E0022550B /* HamArrow76.png in Resources */,
				150941DE1B05BA0E0022550B /* HamArrow55.png in Resources */,
				150941DD1B05BA0E0022550B /* HamArrow54.png in Resources */,
				15BC7E181B03037D00E241DC /* FilterOptionButton.png in Resources */,
				150941A91B05BA0E0022550B /* HamArrow2.png in Resources */,
				D988EBD91ADCD235003A4D7F /* Images.xcassets in Resources */,
				150941A71B05BA0E0022550B /* HamArrow0.png in Resources */,
				150941B41B05BA0E0022550B /* HamArrow13.png in Resources */,
				BCDF76E81AF6DF9A009B17AB /* Other_Button_Disabled@3x.png in Resources */,
				150941DC1B05BA0E0022550B /* HamArrow53.png in Resources */,
				150941CF1B05BA0E0022550B /* HamArrow40.png in Resources */,
				150941E71B05BA0E0022550B /* HamArrow64.png in Resources */,
				150941D21B05BA0E0022550B /* HamArrow43.png in Resources */,
				150941E51B05BA0E0022550B /* HamArrow62.png in Resources */,
				150941E81B05BA0E0022550B /* HamArrow65.png in Resources */,
				150941B51B05BA0E0022550B /* HamArrow14.png in Resources */,
				150941EF1B05BA0E0022550B /* HamArrow72.png in Resources */,
			);
			runOnlyForDeploymentPostprocessing = 0;
		};
		D988EBDF1ADCD235003A4D7F /* Resources */ = {
			isa = PBXResourcesBuildPhase;
			buildActionMask = 2147483647;
			files = (
			);
			runOnlyForDeploymentPostprocessing = 0;
		};
/* End PBXResourcesBuildPhase section */

/* Begin PBXSourcesBuildPhase section */
		D988EBC81ADCD234003A4D7F /* Sources */ = {
			isa = PBXSourcesBuildPhase;
			buildActionMask = 2147483647;
			files = (
				1587E1C31AF089BD00E6B79F /* FilterMenuView.swift in Sources */,
				BC2142341AF60432002BEF83 /* DataFetcher.swift in Sources */,
				BC1ED3FC1B027B9000FA8B34 /* CityData.swift in Sources */,
				1587E1BB1AEEA7E900E6B79F /* TransitionManager.swift in Sources */,
				15E84A951AEC517C004D3E29 /* EventCell.swift in Sources */,
				BCDF76E61AF6DE88009B17AB /* ToursAndCitiesViewController.swift in Sources */,
				15E84A971AEC5314004D3E29 /* CompEventItem.swift in Sources */,
				1587E1B91AEEA5F800E6B79F /* MenuViewController.swift in Sources */,
				D988EBD21ADCD235003A4D7F /* AppDelegate.swift in Sources */,
				15016BE61AF1C0AB0018BBF2 /* SelectCityView.swift in Sources */,
				1587E1C11AEF43CE00E6B79F /* CustomSlideSegue.swift in Sources */,
				15E84A8F1AEC49BF004D3E29 /* CompOrderViewController.swift in Sources */,
				BC1ED3F61B02719600FA8B34 /* SpecialtyAwardItem.swift in Sources */,
			);
			runOnlyForDeploymentPostprocessing = 0;
		};
		D988EBDD1ADCD235003A4D7F /* Sources */ = {
			isa = PBXSourcesBuildPhase;
			buildActionMask = 2147483647;
			files = (
				D988EBE81ADCD235003A4D7F /* LADMTests.swift in Sources */,
			);
			runOnlyForDeploymentPostprocessing = 0;
		};
/* End PBXSourcesBuildPhase section */

/* Begin PBXTargetDependency section */
		D988EBE31ADCD235003A4D7F /* PBXTargetDependency */ = {
			isa = PBXTargetDependency;
			target = D988EBCB1ADCD234003A4D7F /* LADM */;
			targetProxy = D988EBE21ADCD235003A4D7F /* PBXContainerItemProxy */;
		};
/* End PBXTargetDependency section */

/* Begin PBXVariantGroup section */
		D988EBD51ADCD235003A4D7F /* Main.storyboard */ = {
			isa = PBXVariantGroup;
			children = (
				D988EBD61ADCD235003A4D7F /* Base */,
			);
			name = Main.storyboard;
			sourceTree = "<group>";
		};
/* End PBXVariantGroup section */

/* Begin XCBuildConfiguration section */
		D988EBE91ADCD235003A4D7F /* Debug */ = {
			isa = XCBuildConfiguration;
			buildSettings = {
				ALWAYS_SEARCH_USER_PATHS = NO;
				CLANG_CXX_LANGUAGE_STANDARD = "gnu++0x";
				CLANG_CXX_LIBRARY = "libc++";
				CLANG_ENABLE_MODULES = YES;
				CLANG_ENABLE_OBJC_ARC = YES;
				CLANG_WARN_BOOL_CONVERSION = YES;
				CLANG_WARN_CONSTANT_CONVERSION = YES;
				CLANG_WARN_DIRECT_OBJC_ISA_USAGE = YES_ERROR;
				CLANG_WARN_EMPTY_BODY = YES;
				CLANG_WARN_ENUM_CONVERSION = YES;
				CLANG_WARN_INT_CONVERSION = YES;
				CLANG_WARN_OBJC_ROOT_CLASS = YES_ERROR;
				CLANG_WARN_UNREACHABLE_CODE = YES;
				CLANG_WARN__DUPLICATE_METHOD_MATCH = YES;
				"CODE_SIGN_IDENTITY[sdk=iphoneos*]" = "iPhone Developer";
				COPY_PHASE_STRIP = NO;
				ENABLE_STRICT_OBJC_MSGSEND = YES;
				GCC_C_LANGUAGE_STANDARD = gnu99;
				GCC_DYNAMIC_NO_PIC = NO;
				GCC_OPTIMIZATION_LEVEL = 0;
				GCC_PREPROCESSOR_DEFINITIONS = (
					"DEBUG=1",
					"$(inherited)",
				);
				GCC_SYMBOLS_PRIVATE_EXTERN = NO;
				GCC_WARN_64_TO_32_BIT_CONVERSION = YES;
				GCC_WARN_ABOUT_RETURN_TYPE = YES_ERROR;
				GCC_WARN_UNDECLARED_SELECTOR = YES;
				GCC_WARN_UNINITIALIZED_AUTOS = YES_AGGRESSIVE;
				GCC_WARN_UNUSED_FUNCTION = YES;
				GCC_WARN_UNUSED_VARIABLE = YES;
				IPHONEOS_DEPLOYMENT_TARGET = 8.2;
				MTL_ENABLE_DEBUG_INFO = YES;
				ONLY_ACTIVE_ARCH = YES;
				SDKROOT = iphoneos;
				SWIFT_OPTIMIZATION_LEVEL = "-Onone";
				TARGETED_DEVICE_FAMILY = "1,2";
			};
			name = Debug;
		};
		D988EBEA1ADCD235003A4D7F /* Release */ = {
			isa = XCBuildConfiguration;
			buildSettings = {
				ALWAYS_SEARCH_USER_PATHS = NO;
				CLANG_CXX_LANGUAGE_STANDARD = "gnu++0x";
				CLANG_CXX_LIBRARY = "libc++";
				CLANG_ENABLE_MODULES = YES;
				CLANG_ENABLE_OBJC_ARC = YES;
				CLANG_WARN_BOOL_CONVERSION = YES;
				CLANG_WARN_CONSTANT_CONVERSION = YES;
				CLANG_WARN_DIRECT_OBJC_ISA_USAGE = YES_ERROR;
				CLANG_WARN_EMPTY_BODY = YES;
				CLANG_WARN_ENUM_CONVERSION = YES;
				CLANG_WARN_INT_CONVERSION = YES;
				CLANG_WARN_OBJC_ROOT_CLASS = YES_ERROR;
				CLANG_WARN_UNREACHABLE_CODE = YES;
				CLANG_WARN__DUPLICATE_METHOD_MATCH = YES;
				"CODE_SIGN_IDENTITY[sdk=iphoneos*]" = "iPhone Developer";
				COPY_PHASE_STRIP = NO;
				ENABLE_NS_ASSERTIONS = NO;
				ENABLE_STRICT_OBJC_MSGSEND = YES;
				GCC_C_LANGUAGE_STANDARD = gnu99;
				GCC_WARN_64_TO_32_BIT_CONVERSION = YES;
				GCC_WARN_ABOUT_RETURN_TYPE = YES_ERROR;
				GCC_WARN_UNDECLARED_SELECTOR = YES;
				GCC_WARN_UNINITIALIZED_AUTOS = YES_AGGRESSIVE;
				GCC_WARN_UNUSED_FUNCTION = YES;
				GCC_WARN_UNUSED_VARIABLE = YES;
				IPHONEOS_DEPLOYMENT_TARGET = 8.2;
				MTL_ENABLE_DEBUG_INFO = NO;
				SDKROOT = iphoneos;
				TARGETED_DEVICE_FAMILY = "1,2";
				VALIDATE_PRODUCT = YES;
			};
			name = Release;
		};
		D988EBEC1ADCD235003A4D7F /* Debug */ = {
			isa = XCBuildConfiguration;
			buildSettings = {
				ASSETCATALOG_COMPILER_APPICON_NAME = AppIcon;
				ASSETCATALOG_COMPILER_LAUNCHIMAGE_NAME = LaunchImage;
				CODE_SIGN_IDENTITY = "iPhone Developer";
				INFOPLIST_FILE = LADM/Info.plist;
				LD_RUNPATH_SEARCH_PATHS = "$(inherited) @executable_path/Frameworks";
				PRODUCT_NAME = "$(TARGET_NAME)";
			};
			name = Debug;
		};
		D988EBED1ADCD235003A4D7F /* Release */ = {
			isa = XCBuildConfiguration;
			buildSettings = {
				ASSETCATALOG_COMPILER_APPICON_NAME = AppIcon;
				ASSETCATALOG_COMPILER_LAUNCHIMAGE_NAME = LaunchImage;
				CODE_SIGN_IDENTITY = "iPhone Developer";
				INFOPLIST_FILE = LADM/Info.plist;
				LD_RUNPATH_SEARCH_PATHS = "$(inherited) @executable_path/Frameworks";
				PRODUCT_NAME = "$(TARGET_NAME)";
			};
			name = Release;
		};
		D988EBEF1ADCD235003A4D7F /* Debug */ = {
			isa = XCBuildConfiguration;
			buildSettings = {
				BUNDLE_LOADER = "$(TEST_HOST)";
				FRAMEWORK_SEARCH_PATHS = (
					"$(SDKROOT)/Developer/Library/Frameworks",
					"$(inherited)",
				);
				GCC_PREPROCESSOR_DEFINITIONS = (
					"DEBUG=1",
					"$(inherited)",
				);
				INFOPLIST_FILE = LADMTests/Info.plist;
				LD_RUNPATH_SEARCH_PATHS = "$(inherited) @executable_path/Frameworks @loader_path/Frameworks";
				PRODUCT_NAME = "$(TARGET_NAME)";
				TEST_HOST = "$(BUILT_PRODUCTS_DIR)/LADM.app/LADM";
			};
			name = Debug;
		};
		D988EBF01ADCD235003A4D7F /* Release */ = {
			isa = XCBuildConfiguration;
			buildSettings = {
				BUNDLE_LOADER = "$(TEST_HOST)";
				FRAMEWORK_SEARCH_PATHS = (
					"$(SDKROOT)/Developer/Library/Frameworks",
					"$(inherited)",
				);
				INFOPLIST_FILE = LADMTests/Info.plist;
				LD_RUNPATH_SEARCH_PATHS = "$(inherited) @executable_path/Frameworks @loader_path/Frameworks";
				PRODUCT_NAME = "$(TARGET_NAME)";
				TEST_HOST = "$(BUILT_PRODUCTS_DIR)/LADM.app/LADM";
			};
			name = Release;
		};
/* End XCBuildConfiguration section */

/* Begin XCConfigurationList section */
		D988EBC71ADCD234003A4D7F /* Build configuration list for PBXProject "LADM" */ = {
			isa = XCConfigurationList;
			buildConfigurations = (
				D988EBE91ADCD235003A4D7F /* Debug */,
				D988EBEA1ADCD235003A4D7F /* Release */,
			);
			defaultConfigurationIsVisible = 0;
			defaultConfigurationName = Release;
		};
		D988EBEB1ADCD235003A4D7F /* Build configuration list for PBXNativeTarget "LADM" */ = {
			isa = XCConfigurationList;
			buildConfigurations = (
				D988EBEC1ADCD235003A4D7F /* Debug */,
				D988EBED1ADCD235003A4D7F /* Release */,
			);
			defaultConfigurationIsVisible = 0;
			defaultConfigurationName = Release;
		};
		D988EBEE1ADCD235003A4D7F /* Build configuration list for PBXNativeTarget "LADMTests" */ = {
			isa = XCConfigurationList;
			buildConfigurations = (
				D988EBEF1ADCD235003A4D7F /* Debug */,
				D988EBF01ADCD235003A4D7F /* Release */,
			);
			defaultConfigurationIsVisible = 0;
			defaultConfigurationName = Release;
		};
/* End XCConfigurationList section */
	};
	rootObject = D988EBC41ADCD234003A4D7F /* Project object */;
}
